
Microsoft Visual Studio Solution File, Format Version 12.00
# Visual Studio Version 17
VisualStudioVersion = 17.11.35222.181
MinimumVisualStudioVersion = 10.0.40219.1
Project("{FAE04EC0-301F-11D3-BF4B-00C04F79EFBC}") = "Serialization", "Serialization.csproj", "{8A4FD3F1-305C-418F-BCA4-5CA90B7F0844}"
EndProject
Global
	GlobalSection(SolutionConfigurationPlatforms) = preSolution
		Debug|Any CPU = Debug|Any CPU
		Release|Any CPU = Release|Any CPU
	EndGlobalSection
	GlobalSection(ProjectConfigurationPlatforms) = postSolution
		{8A4FD3F1-305C-418F-BCA4-5CA90B7F0844}.Debug|Any CPU.ActiveCfg = Debug|Any CPU
		{8A4FD3F1-305C-418F-BCA4-5CA90B7F0844}.Debug|Any CPU.Build.0 = Debug|Any CPU
		{8A4FD3F1-305C-418F-BCA4-5CA90B7F0844}.Release|Any CPU.ActiveCfg = Release|Any CPU
		{8A4FD3F1-305C-418F-BCA4-5CA90B7F0844}.Release|Any CPU.Build.0 = Release|Any CPU
	EndGlobalSection
	GlobalSection(SolutionProperties) = preSolution
		HideSolutionNode = FALSE
	EndGlobalSection
	GlobalSection(ExtensibilityGlobals) = postSolution
		SolutionGuid = {B8936601-EE41-4800-BC9B-14D92C50E915}
	EndGlobalSection
EndGlobal
